# THIS IS AN AUTOGENERATED FILE. DO NOT EDIT THIS FILE DIRECTLY.
# yarn lockfile v1


"@clack/core@1.1.0":
  version "1.1.0"
  resolved "https://registry.npmjs.org/@clack/core/-/core-1.1.0.tgz#8f10d868cacf9424d96b1ce328e02bfd3167d77f"
  integrity sha512-SVcm4Dqm2ukn64/8Gub2wnlA5nS2iWJyCkdNHcvNHPIeBTGojpdJ+9cZKwLfmqy7irD4N5qLteSilJlE0WLAtA==
  dependencies:
    sisteransi "^1.0.5"

"@clack/prompts@^1.1.0":
  version "1.1.0"
  resolved "https://registry.npmjs.org/@clack/prompts/-/prompts-1.1.0.tgz#f0dff2bcc48d68394f9ce4777651a8faed5714fa"
  integrity sha512-pkqbPGtohJAvm4Dphs2M8xE29ggupihHdy1x84HNojZuMtFsHiUlRvqD24tM2+XmI+61LlfNceM3Wr7U5QES5g==
  dependencies:
    "@clack/core" "1.1.0"
    sisteransi "^1.0.5"

"@types/node@^22.15.3":
  version "22.19.15"
  resolved "https://registry.npmjs.org/@types/node/-/node-22.19.15.tgz#6091d99fdf7c08cb57dc8b1345d407ba9a1df576"
  integrity sha512-F0R/h2+dsy5wJAUe3tAU6oqa2qbWY5TpNfL/RGmo1y38hiyO1w3x2jPtt76wmuaJI4DQnOBu21cNXQ2STIUUWg==
  dependencies:
    undici-types "~6.21.0"

sisteransi@^1.0.5:
  version "1.0.5"
  resolved "https://registry.npmjs.org/sisteransi/-/sisteransi-1.0.5.tgz#134d681297756437cc05ca01370d3a7a571075ed"
  integrity sha512-bLGGlR1QxBcynn2d5YmDX4MGjlZvy2MRBDRNHLJ8VI6l6+9FUiyTFNJ0IveOSP0bcXgVDPRcfGqA0pjaqUpfVg==

typescript@^5.8.3:
  version "5.9.3"
  resolved "https://registry.npmjs.org/typescript/-/typescript-5.9.3.tgz#5b4f59e15310ab17a216f5d6cf53ee476ede670f"
  integrity sha512-jl1vZzPDinLr9eUt3J/t7V6FgNEw9QjvBPdysz9KfQDD41fQrC2Y4vKQdiaUpFT4bXlb1RHhLpp8wtm6M5TgSw==

undici-types@~6.21.0:
  version "6.21.0"
  resolved "https://registry.npmjs.org/undici-types/-/undici-types-6.21.0.tgz#691d00af3909be93a7faa13be61b3a5b50ef12cb"
  integrity sha512-iwDZqg0QAGrg9Rav5H4n0M64c3mkR59cJ6wQp+7C4nI0gsmExaedaYLNO44eT4AtBBwjbTiGPMlt2Md0T9H9JQ==
