# This file is generated by running "yarn install" inside your project.
# Manual changes might be lost - proceed with caution!

__metadata:
  version: 9
  cacheKey: 10c0

"@clack/core@npm:1.3.1":
  version: 1.3.1
  resolution: "@clack/core@npm:1.3.1"
  dependencies:
    fast-wrap-ansi: "npm:^0.2.0"
    sisteransi: "npm:^1.0.5"
  checksum: 10c0/550f6e83574b12c94fcf67621c9e094419186bc2238c89a2f40b9f67c872b3563bb55381beb05ab48cef2d2b3b5d42c33d06bbba2fb28622fafab6afdde20262
  languageName: node
  linkType: hard

"@clack/prompts@npm:^1.1.0":
  version: 1.4.0
  resolution: "@clack/prompts@npm:1.4.0"
  dependencies:
    "@clack/core": "npm:1.3.1"
    fast-string-width: "npm:^3.0.2"
    fast-wrap-ansi: "npm:^0.2.0"
    sisteransi: "npm:^1.0.5"
  checksum: 10c0/851ea8ec1597b70ff2e4b3e2ed4e340f5f10877f86b0372a29d96d6c6131f2a5a46f75a98dcb77378d3ec88ffe1d276724f7385be534be06f8a4ba36a550bc01
  languageName: node
  linkType: hard

"@types/node@npm:^22.15.3":
  version: 22.19.19
  resolution: "@types/node@npm:22.19.19"
  dependencies:
    undici-types: "npm:~6.21.0"
  checksum: 10c0/402e0f088c94cabda3cd721546bd8e4e75e098e0b342f6e03b90ca1e19c28986f9650112c64fcfd09fc8cebc0f8b20291a513153e90489331cf666e1e5503e16
  languageName: node
  linkType: hard

"create-fz-stack@workspace:.":
  version: 0.0.0-use.local
  resolution: "create-fz-stack@workspace:."
  dependencies:
    "@clack/prompts": "npm:^1.1.0"
    "@types/node": "npm:^22.15.3"
    typescript: "npm:^5.8.3"
  bin:
    create-fz-stack: dist/src/cli.js
  languageName: unknown
  linkType: soft

"fast-string-truncated-width@npm:^3.0.2":
  version: 3.0.3
  resolution: "fast-string-truncated-width@npm:3.0.3"
  checksum: 10c0/043b8663397d14a3880ce4f3407bcda60b40db9bbeafe62863a35d1f9c69ea17c8da3fcd72de235553e6c9cd053128cde9e24ca0d4a7463208f48db3cd23d981
  languageName: node
  linkType: hard

"fast-string-width@npm:^3.0.2":
  version: 3.0.2
  resolution: "fast-string-width@npm:3.0.2"
  dependencies:
    fast-string-truncated-width: "npm:^3.0.2"
  checksum: 10c0/c8822d175315bb353ebe782b65214ac53b13e3bf704e03b132ea7bdfa8de6a636375b3ab7a4097545393d109381c37c4f387c72a462c90b61412dbc4632f39a7
  languageName: node
  linkType: hard

"fast-wrap-ansi@npm:^0.2.0":
  version: 0.2.0
  resolution: "fast-wrap-ansi@npm:0.2.0"
  dependencies:
    fast-string-width: "npm:^3.0.2"
  checksum: 10c0/c0eb6debee565c5dbb9132dddff5c4d4aba5eb02185ae4dab285acd6186018cffca04264e92f373cbf592a9bcd1c33d65dba036030a8f3baeff1169969a1b59b
  languageName: node
  linkType: hard

"sisteransi@npm:^1.0.5":
  version: 1.0.5
  resolution: "sisteransi@npm:1.0.5"
  checksum: 10c0/230ac975cca485b7f6fe2b96a711aa62a6a26ead3e6fb8ba17c5a00d61b8bed0d7adc21f5626b70d7c33c62ff4e63933017a6462942c719d1980bb0b1207ad46
  languageName: node
  linkType: hard

"typescript@npm:^5.8.3":
  version: 5.9.3
  resolution: "typescript@npm:5.9.3"
  bin:
    tsc: bin/tsc
    tsserver: bin/tsserver
  checksum: 10c0/6bd7552ce39f97e711db5aa048f6f9995b53f1c52f7d8667c1abdc1700c68a76a308f579cd309ce6b53646deb4e9a1be7c813a93baaf0a28ccd536a30270e1c5
  languageName: node
  linkType: hard

"typescript@patch:typescript@npm%3A^5.8.3#optional!builtin<compat/typescript>":
  version: 5.9.3
  resolution: "typescript@patch:typescript@npm%3A5.9.3#optional!builtin<compat/typescript>::version=5.9.3&hash=5786d5"
  bin:
    tsc: bin/tsc
    tsserver: bin/tsserver
  checksum: 10c0/ad09fdf7a756814dce65bc60c1657b40d44451346858eea230e10f2e95a289d9183b6e32e5c11e95acc0ccc214b4f36289dcad4bf1886b0adb84d711d336a430
  languageName: node
  linkType: hard

"undici-types@npm:~6.21.0":
  version: 6.21.0
  resolution: "undici-types@npm:6.21.0"
  checksum: 10c0/c01ed51829b10aa72fc3ce64b747f8e74ae9b60eafa19a7b46ef624403508a54c526ffab06a14a26b3120d055e1104d7abe7c9017e83ced038ea5cf52f8d5e04
  languageName: node
  linkType: hard
